PODS:
  - Flutter (1.0.0)
  - flutter_blue (0.0.1):
    - Flutter
    - flutter_blue/Protos (= 0.0.1)
  - flutter_blue/Protos (0.0.1):
    - Flutter
    - Protobuf (~> 3.11.4)
  - flutter_local_notifications (0.0.1):
    - Flutter
  - flutter_secure_storage (3.3.1):
    - Flutter
  - geolocator (6.2.0):
    - Flutter
  - "permission_handler (5.1.0+2)":
    - Flutter
  - Protobuf (3.11.4)
  - shared_preferences (0.0.1):
    - Flutter
  - system_settings (0.0.1):
    - Flutter

DEPENDENCIES:
  - Flutter (from `Flutter`)
  - flutter_blue (from `.symlinks/plugins/flutter_blue/ios`)
  - flutter_local_notifications (from `.symlinks/plugins/flutter_local_notifications/ios`)
  - flutter_secure_storage (from `.symlinks/plugins/flutter_secure_storage/ios`)
  - geolocator (from `.symlinks/plugins/geolocator/ios`)
  - permission_handler (from `.symlinks/plugins/permission_handler/ios`)
  - shared_preferences (from `.symlinks/plugins/shared_preferences/ios`)
  - system_settings (from `.symlinks/plugins/system_settings/ios`)

SPEC REPOS:
  trunk:
    - Protobuf

EXTERNAL SOURCES:
  Flutter:
    :path: Flutter
  flutter_blue:
    :path: ".symlinks/plugins/flutter_blue/ios"
  flutter_local_notifications:
    :path: ".symlinks/plugins/flutter_local_notifications/ios"
  flutter_secure_storage:
    :path: ".symlinks/plugins/flutter_secure_storage/ios"
  geolocator:
    :path: ".symlinks/plugins/geolocator/ios"
  permission_handler:
    :path: ".symlinks/plugins/permission_handler/ios"
  shared_preferences:
    :path: ".symlinks/plugins/shared_preferences/ios"
  system_settings:
    :path: ".symlinks/plugins/system_settings/ios"

SPEC CHECKSUMS:
  Flutter: 434fef37c0980e73bb6479ef766c45957d4b510c
  flutter_blue: eeb381dc4727a0954dede73515f683865494b370
  flutter_local_notifications: 0c0b1ae97e741e1521e4c1629a459d04b9aec743
  flutter_secure_storage: 7953c38a04c3fdbb00571bcd87d8e3b5ceb9daec
  geolocator: f5e3de65e241caba7ce3e8a618803387bda73384
  permission_handler: ccb20a9fad0ee9b1314a52b70b76b473c5f8dab0
  Protobuf: 176220c526ad8bd09ab1fb40a978eac3fef665f7
  shared_preferences: af6bfa751691cdc24be3045c43ec037377ada40d
  system_settings: 8f5cdbfa72c677fc8d665b863bcc20d393d87e9d

PODFILE CHECKSUM: aafe91acc616949ddb318b77800a7f51bffa2a4c

COCOAPODS: 1.10.1
